Microsoft Visual Studio Solution File, Format Version 12.00
# Visual Studio Version 17
VisualStudioVersion = 17.5.2.0
MinimumVisualStudioVersion = 10.0.40219.1
Project("{FAE04EC0-301F-11D3-BF4B-00C04F79EFBC}") = "PermintaanData", "PermintaanData.csproj", "{2CBB4FCC-02E2-8F5B-16E7-677730FAB477}"
EndProject
Global
	GlobalSection(SolutionConfigurationPlatforms) = preSolution
		Debug|Any CPU = Debug|Any CPU
		Release|Any CPU = Release|Any CPU
	EndGlobalSection
	GlobalSection(ProjectConfigurationPlatforms) = postSolution
		{2CBB4FCC-02E2-8F5B-16E7-677730FAB477}.Debug|Any CPU.ActiveCfg = Debug|Any CPU
		{2CBB4FCC-02E2-8F5B-16E7-677730FAB477}.Debug|Any CPU.Build.0 = Debug|Any CPU
		{2CBB4FCC-02E2-8F5B-16E7-677730FAB477}.Release|Any CPU.ActiveCfg = Release|Any CPU
		{2CBB4FCC-02E2-8F5B-16E7-677730FAB477}.Release|Any CPU.Build.0 = Release|Any CPU
	EndGlobalSection
	GlobalSection(SolutionProperties) = preSolution
		HideSolutionNode = FALSE
	EndGlobalSection
	GlobalSection(ExtensibilityGlobals) = postSolution
		SolutionGuid = {8E02613D-1B6C-4497-9F5E-D0644BD03D07}
	EndGlobalSection
EndGlobal
